
Microsoft Visual Studio Solution File, Format Version 12.00
# Visual Studio Version 17
VisualStudioVersion = 17.2.32526.322
MinimumVisualStudioVersion = 10.0.40219.1
Project("{FAE04EC0-301F-11D3-BF4B-00C04F79EFBC}") = "Cartas Españolas", "Cartas Españolas\Cartas Españolas.csproj", "{A6408D34-6886-402A-BE82-42387234924D}"
EndProject
Global
	GlobalSection(SolutionConfigurationPlatforms) = preSolution
		Debug|Any CPU = Debug|Any CPU
		Release|Any CPU = Release|Any CPU
	EndGlobalSection
	GlobalSection(ProjectConfigurationPlatforms) = postSolution
		{A6408D34-6886-402A-BE82-42387234924D}.Debug|Any CPU.ActiveCfg = Debug|Any CPU
		{A6408D34-6886-402A-BE82-42387234924D}.Debug|Any CPU.Build.0 = Debug|Any CPU
		{A6408D34-6886-402A-BE82-42387234924D}.Release|Any CPU.ActiveCfg = Release|Any CPU
		{A6408D34-6886-402A-BE82-42387234924D}.Release|Any CPU.Build.0 = Release|Any CPU
	EndGlobalSection
	GlobalSection(SolutionProperties) = preSolution
		HideSolutionNode = FALSE
	EndGlobalSection
	GlobalSection(ExtensibilityGlobals) = postSolution
		SolutionGuid = {D29DC1F9-49DB-48EF-B229-E7FE65F6F21F}
	EndGlobalSection
EndGlobal
